
Microsoft Visual Studio Solution File, Format Version 12.00
# Visual Studio Version 16
VisualStudioVersion = 16.0.31729.503
MinimumVisualStudioVersion = 10.0.40219.1
Project("{2150E333-8FDC-42A3-9474-1A3956D46DE8}") = "src", "src", "{AB7BA8AC-9BA9-4862-B39E-470006154A5A}"
EndProject
Project("{2150E333-8FDC-42A3-9474-1A3956D46DE8}") = "ClientApp", "ClientApp", "{00A412F2-5163-41D5-B4B3-D976521B0577}"
EndProject
Project("{FAE04EC0-301F-11D3-BF4B-00C04F79EFBC}") = "Client", "Client\Client.csproj", "{1AC1F0E5-2A9A-4387-A275-3AFABAE0561B}"
EndProject
Project("{2150E333-8FDC-42A3-9474-1A3956D46DE8}") = "S.Core", "S.Core", "{F9777806-926E-4422-9E3D-2CF322F60164}"
EndProject
Project("{FAE04EC0-301F-11D3-BF4B-00C04F79EFBC}") = "S.Core.DataTypes", "S.Core.DataTypes\S.Core.DataTypes.csproj", "{D18AC987-9420-4ED6-AC97-26C1296B3A5F}"
EndProject
Project("{FAE04EC0-301F-11D3-BF4B-00C04F79EFBC}") = "S.Core.Interface", "S.Core.Interface\S.Core.Interface.csproj", "{7D8FD51A-A948-45F2-91B4-6E4378F06AD3}"
EndProject
Project("{FAE04EC0-301F-11D3-BF4B-00C04F79EFBC}") = "S.Core.Utility", "S.Core.Utility\S.Core.Utility.csproj", "{EA791DCF-CAB6-4259-BF33-B165DE5A3661}"
EndProject
Project("{2150E333-8FDC-42A3-9474-1A3956D46DE8}") = "S.Data", "S.Data", "{CAB6B601-3EC5-4ED6-B81D-462F4A2FC07A}"
EndProject
Project("{FAE04EC0-301F-11D3-BF4B-00C04F79EFBC}") = "S.Data.Logic", "S.Data.Logic\S.Data.Logic.csproj", "{39AC8BCE-1961-4852-AC8C-C2A63F5D3241}"
EndProject
Project("{FAE04EC0-301F-11D3-BF4B-00C04F79EFBC}") = "S.Data.Model", "S.Data.Model\S.Data.Model.csproj", "{78B9CC07-A593-454E-9C5E-AFD3751EFE94}"
EndProject
Project("{2150E333-8FDC-42A3-9474-1A3956D46DE8}") = "S.Domain", "S.Domain", "{04ADF469-BA54-4BE7-9211-7E8D1F538124}"
EndProject
Project("{FAE04EC0-301F-11D3-BF4B-00C04F79EFBC}") = "S.Domain.Logic", "S.Domain.Logic\S.Domain.Logic.csproj", "{4B50A1EB-FF71-4CED-8E4F-77B811E5FC19}"
EndProject
Project("{FAE04EC0-301F-11D3-BF4B-00C04F79EFBC}") = "S.Domain.Model", "S.Domain.Model\S.Domain.Model.csproj", "{29E123FE-1378-4618-849C-6BCD0591588C}"
EndProject
Project("{2150E333-8FDC-42A3-9474-1A3956D46DE8}") = "S.Dto", "S.Dto", "{528A2D18-BF01-4A31-8ABE-D1D075FD3195}"
EndProject
Project("{FAE04EC0-301F-11D3-BF4B-00C04F79EFBC}") = "S.DtoModel", "S.DtoModel\S.DtoModel.csproj", "{E72428C5-563A-4F60-B883-7BD8D8F8E06C}"
EndProject
Global
	GlobalSection(SolutionConfigurationPlatforms) = preSolution
		Debug|Any CPU = Debug|Any CPU
		Release|Any CPU = Release|Any CPU
	EndGlobalSection
	GlobalSection(ProjectConfigurationPlatforms) = postSolution
		{1AC1F0E5-2A9A-4387-A275-3AFABAE0561B}.Debug|Any CPU.ActiveCfg = Debug|Any CPU
		{1AC1F0E5-2A9A-4387-A275-3AFABAE0561B}.Debug|Any CPU.Build.0 = Debug|Any CPU
		{1AC1F0E5-2A9A-4387-A275-3AFABAE0561B}.Release|Any CPU.ActiveCfg = Release|Any CPU
		{1AC1F0E5-2A9A-4387-A275-3AFABAE0561B}.Release|Any CPU.Build.0 = Release|Any CPU
		{D18AC987-9420-4ED6-AC97-26C1296B3A5F}.Debug|Any CPU.ActiveCfg = Debug|Any CPU
		{D18AC987-9420-4ED6-AC97-26C1296B3A5F}.Debug|Any CPU.Build.0 = Debug|Any CPU
		{D18AC987-9420-4ED6-AC97-26C1296B3A5F}.Release|Any CPU.ActiveCfg = Release|Any CPU
		{D18AC987-9420-4ED6-AC97-26C1296B3A5F}.Release|Any CPU.Build.0 = Release|Any CPU
		{7D8FD51A-A948-45F2-91B4-6E4378F06AD3}.Debug|Any CPU.ActiveCfg = Debug|Any CPU
		{7D8FD51A-A948-45F2-91B4-6E4378F06AD3}.Debug|Any CPU.Build.0 = Debug|Any CPU
		{7D8FD51A-A948-45F2-91B4-6E4378F06AD3}.Release|Any CPU.ActiveCfg = Release|Any CPU
		{7D8FD51A-A948-45F2-91B4-6E4378F06AD3}.Release|Any CPU.Build.0 = Release|Any CPU
		{EA791DCF-CAB6-4259-BF33-B165DE5A3661}.Debug|Any CPU.ActiveCfg = Debug|Any CPU
		{EA791DCF-CAB6-4259-BF33-B165DE5A3661}.Debug|Any CPU.Build.0 = Debug|Any CPU
		{EA791DCF-CAB6-4259-BF33-B165DE5A3661}.Release|Any CPU.ActiveCfg = Release|Any CPU
		{EA791DCF-CAB6-4259-BF33-B165DE5A3661}.Release|Any CPU.Build.0 = Release|Any CPU
		{39AC8BCE-1961-4852-AC8C-C2A63F5D3241}.Debug|Any CPU.ActiveCfg = Debug|Any CPU
		{39AC8BCE-1961-4852-AC8C-C2A63F5D3241}.Debug|Any CPU.Build.0 = Debug|Any CPU
		{39AC8BCE-1961-4852-AC8C-C2A63F5D3241}.Release|Any CPU.ActiveCfg = Release|Any CPU
		{39AC8BCE-1961-4852-AC8C-C2A63F5D3241}.Release|Any CPU.Build.0 = Release|Any CPU
		{78B9CC07-A593-454E-9C5E-AFD3751EFE94}.Debug|Any CPU.ActiveCfg = Debug|Any CPU
		{78B9CC07-A593-454E-9C5E-AFD3751EFE94}.Debug|Any CPU.Build.0 = Debug|Any CPU
		{78B9CC07-A593-454E-9C5E-AFD3751EFE94}.Release|Any CPU.ActiveCfg = Release|Any CPU
		{78B9CC07-A593-454E-9C5E-AFD3751EFE94}.Release|Any CPU.Build.0 = Release|Any CPU
		{4B50A1EB-FF71-4CED-8E4F-77B811E5FC19}.Debug|Any CPU.ActiveCfg = Debug|Any CPU
		{4B50A1EB-FF71-4CED-8E4F-77B811E5FC19}.Debug|Any CPU.Build.0 = Debug|Any CPU
		{4B50A1EB-FF71-4CED-8E4F-77B811E5FC19}.Release|Any CPU.ActiveCfg = Release|Any CPU
		{4B50A1EB-FF71-4CED-8E4F-77B811E5FC19}.Release|Any CPU.Build.0 = Release|Any CPU
		{29E123FE-1378-4618-849C-6BCD0591588C}.Debug|Any CPU.ActiveCfg = Debug|Any CPU
		{29E123FE-1378-4618-849C-6BCD0591588C}.Debug|Any CPU.Build.0 = Debug|Any CPU
		{29E123FE-1378-4618-849C-6BCD0591588C}.Release|Any CPU.ActiveCfg = Release|Any CPU
		{29E123FE-1378-4618-849C-6BCD0591588C}.Release|Any CPU.Build.0 = Release|Any CPU
		{E72428C5-563A-4F60-B883-7BD8D8F8E06C}.Debug|Any CPU.ActiveCfg = Debug|Any CPU
		{E72428C5-563A-4F60-B883-7BD8D8F8E06C}.Debug|Any CPU.Build.0 = Debug|Any CPU
		{E72428C5-563A-4F60-B883-7BD8D8F8E06C}.Release|Any CPU.ActiveCfg = Release|Any CPU
		{E72428C5-563A-4F60-B883-7BD8D8F8E06C}.Release|Any CPU.Build.0 = Release|Any CPU
	EndGlobalSection
	GlobalSection(SolutionProperties) = preSolution
		HideSolutionNode = FALSE
	EndGlobalSection
	GlobalSection(NestedProjects) = preSolution
		{00A412F2-5163-41D5-B4B3-D976521B0577} = {AB7BA8AC-9BA9-4862-B39E-470006154A5A}
		{1AC1F0E5-2A9A-4387-A275-3AFABAE0561B} = {00A412F2-5163-41D5-B4B3-D976521B0577}
		{F9777806-926E-4422-9E3D-2CF322F60164} = {AB7BA8AC-9BA9-4862-B39E-470006154A5A}
		{D18AC987-9420-4ED6-AC97-26C1296B3A5F} = {F9777806-926E-4422-9E3D-2CF322F60164}
		{7D8FD51A-A948-45F2-91B4-6E4378F06AD3} = {F9777806-926E-4422-9E3D-2CF322F60164}
		{EA791DCF-CAB6-4259-BF33-B165DE5A3661} = {F9777806-926E-4422-9E3D-2CF322F60164}
		{CAB6B601-3EC5-4ED6-B81D-462F4A2FC07A} = {AB7BA8AC-9BA9-4862-B39E-470006154A5A}
		{39AC8BCE-1961-4852-AC8C-C2A63F5D3241} = {CAB6B601-3EC5-4ED6-B81D-462F4A2FC07A}
		{78B9CC07-A593-454E-9C5E-AFD3751EFE94} = {CAB6B601-3EC5-4ED6-B81D-462F4A2FC07A}
		{04ADF469-BA54-4BE7-9211-7E8D1F538124} = {AB7BA8AC-9BA9-4862-B39E-470006154A5A}
		{4B50A1EB-FF71-4CED-8E4F-77B811E5FC19} = {04ADF469-BA54-4BE7-9211-7E8D1F538124}
		{29E123FE-1378-4618-849C-6BCD0591588C} = {04ADF469-BA54-4BE7-9211-7E8D1F538124}
		{528A2D18-BF01-4A31-8ABE-D1D075FD3195} = {AB7BA8AC-9BA9-4862-B39E-470006154A5A}
		{E72428C5-563A-4F60-B883-7BD8D8F8E06C} = {528A2D18-BF01-4A31-8ABE-D1D075FD3195}
	EndGlobalSection
	GlobalSection(ExtensibilityGlobals) = postSolution
		SolutionGuid = {941D8A56-68FE-4CC6-ABE7-5A3583F0565D}
	EndGlobalSection
EndGlobal
