
Microsoft Visual Studio Solution File, Format Version 12.00
# Visual Studio Version 16
VisualStudioVersion = 16.0.29020.237
MinimumVisualStudioVersion = 10.0.40219.1
Project("{2150E333-8FDC-42A3-9474-1A3956D46DE8}") = "ClientApp", "ClientApp", "{46D4547C-74E4-4E40-BC48-7E437251DCDA}"
EndProject
Project("{2150E333-8FDC-42A3-9474-1A3956D46DE8}") = "Core", "Core", "{A205C919-E788-4605-99E6-76AAB08BE30F}"
EndProject
Project("{2150E333-8FDC-42A3-9474-1A3956D46DE8}") = "Data", "Data", "{0591DFFE-51C9-4FE2-8652-9EEE858A6852}"
EndProject
Project("{2150E333-8FDC-42A3-9474-1A3956D46DE8}") = "Domain", "Domain", "{06C94C81-6F18-4A4B-8B24-054899606A18}"
EndProject
Project("{2150E333-8FDC-42A3-9474-1A3956D46DE8}") = "Dto", "Dto", "{358012AA-ADC9-4A87-8448-3C72BA61067A}"
EndProject
Project("{2150E333-8FDC-42A3-9474-1A3956D46DE8}") = "src", "src", "{B087BDC8-F47C-47EB-8C3A-A092BA6A542D}"
EndProject
Project("{2150E333-8FDC-42A3-9474-1A3956D46DE8}") = "test", "test", "{8F446079-1DF7-4A7D-AA20-2EF1C2A34315}"
EndProject
Project("{FAE04EC0-301F-11D3-BF4B-00C04F79EFBC}") = "ClientCalculation", "Client\ClientCalculation.csproj", "{40956D04-E471-4A03-A525-0C41DC78C91A}"
EndProject
Project("{FAE04EC0-301F-11D3-BF4B-00C04F79EFBC}") = "S.DataTypes", "S.DataTypes\S.DataTypes.csproj", "{B64FD400-663B-468D-88D1-2450D1119308}"
EndProject
Project("{FAE04EC0-301F-11D3-BF4B-00C04F79EFBC}") = "S.Interface", "S.Interface\S.Interface.csproj", "{863E6119-DCF1-448D-875A-188065D801FE}"
EndProject
Project("{FAE04EC0-301F-11D3-BF4B-00C04F79EFBC}") = "S.Utilities", "S.Utilities\S.Utilities.csproj", "{558485B6-479D-433B-99D5-A2D0E5ADD257}"
EndProject
Project("{FAE04EC0-301F-11D3-BF4B-00C04F79EFBC}") = "S.Data.Logic", "S.Data.Logic\S.Data.Logic.csproj", "{C6BCD879-A95C-409C-B443-D2BEED9C3235}"
EndProject
Project("{FAE04EC0-301F-11D3-BF4B-00C04F79EFBC}") = "S.Data.Model", "S.Data.Model\S.Data.Model.csproj", "{BA491FB6-DE91-411E-8B3D-95CECFCC861D}"
EndProject
Project("{FAE04EC0-301F-11D3-BF4B-00C04F79EFBC}") = "S.DtoModel", "S.DtoModel\S.DtoModel.csproj", "{E85DC826-AF90-49ED-848C-341D6E9834D1}"
EndProject
Project("{FAE04EC0-301F-11D3-BF4B-00C04F79EFBC}") = "S.Domain.Logic", "S.Domain.Logic\S.Domain.Logic.csproj", "{3021EC3A-AC3E-4FEB-95C7-CBF213277682}"
EndProject
Project("{FAE04EC0-301F-11D3-BF4B-00C04F79EFBC}") = "S.Domain.Model", "S.Domain.Model\S.Domain.Model.csproj", "{A554E807-2FBA-497A-9B48-B3BBDF308BB2}"
EndProject
Global
	GlobalSection(SolutionConfigurationPlatforms) = preSolution
		Debug|Any CPU = Debug|Any CPU
		Debug|x64 = Debug|x64
		Debug|x86 = Debug|x86
		Release|Any CPU = Release|Any CPU
		Release|x64 = Release|x64
		Release|x86 = Release|x86
	EndGlobalSection
	GlobalSection(ProjectConfigurationPlatforms) = postSolution
		{40956D04-E471-4A03-A525-0C41DC78C91A}.Debug|Any CPU.ActiveCfg = Debug|Any CPU
		{40956D04-E471-4A03-A525-0C41DC78C91A}.Debug|Any CPU.Build.0 = Debug|Any CPU
		{40956D04-E471-4A03-A525-0C41DC78C91A}.Debug|x64.ActiveCfg = Debug|Any CPU
		{40956D04-E471-4A03-A525-0C41DC78C91A}.Debug|x64.Build.0 = Debug|Any CPU
		{40956D04-E471-4A03-A525-0C41DC78C91A}.Debug|x86.ActiveCfg = Debug|Any CPU
		{40956D04-E471-4A03-A525-0C41DC78C91A}.Debug|x86.Build.0 = Debug|Any CPU
		{40956D04-E471-4A03-A525-0C41DC78C91A}.Release|Any CPU.ActiveCfg = Release|Any CPU
		{40956D04-E471-4A03-A525-0C41DC78C91A}.Release|Any CPU.Build.0 = Release|Any CPU
		{40956D04-E471-4A03-A525-0C41DC78C91A}.Release|x64.ActiveCfg = Release|Any CPU
		{40956D04-E471-4A03-A525-0C41DC78C91A}.Release|x64.Build.0 = Release|Any CPU
		{40956D04-E471-4A03-A525-0C41DC78C91A}.Release|x86.ActiveCfg = Release|Any CPU
		{40956D04-E471-4A03-A525-0C41DC78C91A}.Release|x86.Build.0 = Release|Any CPU
		{B64FD400-663B-468D-88D1-2450D1119308}.Debug|Any CPU.ActiveCfg = Debug|Any CPU
		{B64FD400-663B-468D-88D1-2450D1119308}.Debug|Any CPU.Build.0 = Debug|Any CPU
		{B64FD400-663B-468D-88D1-2450D1119308}.Debug|x64.ActiveCfg = Debug|Any CPU
		{B64FD400-663B-468D-88D1-2450D1119308}.Debug|x64.Build.0 = Debug|Any CPU
		{B64FD400-663B-468D-88D1-2450D1119308}.Debug|x86.ActiveCfg = Debug|Any CPU
		{B64FD400-663B-468D-88D1-2450D1119308}.Debug|x86.Build.0 = Debug|Any CPU
		{B64FD400-663B-468D-88D1-2450D1119308}.Release|Any CPU.ActiveCfg = Release|Any CPU
		{B64FD400-663B-468D-88D1-2450D1119308}.Release|Any CPU.Build.0 = Release|Any CPU
		{B64FD400-663B-468D-88D1-2450D1119308}.Release|x64.ActiveCfg = Release|Any CPU
		{B64FD400-663B-468D-88D1-2450D1119308}.Release|x64.Build.0 = Release|Any CPU
		{B64FD400-663B-468D-88D1-2450D1119308}.Release|x86.ActiveCfg = Release|Any CPU
		{B64FD400-663B-468D-88D1-2450D1119308}.Release|x86.Build.0 = Release|Any CPU
		{863E6119-DCF1-448D-875A-188065D801FE}.Debug|Any CPU.ActiveCfg = Debug|Any CPU
		{863E6119-DCF1-448D-875A-188065D801FE}.Debug|Any CPU.Build.0 = Debug|Any CPU
		{863E6119-DCF1-448D-875A-188065D801FE}.Debug|x64.ActiveCfg = Debug|Any CPU
		{863E6119-DCF1-448D-875A-188065D801FE}.Debug|x64.Build.0 = Debug|Any CPU
		{863E6119-DCF1-448D-875A-188065D801FE}.Debug|x86.ActiveCfg = Debug|Any CPU
		{863E6119-DCF1-448D-875A-188065D801FE}.Debug|x86.Build.0 = Debug|Any CPU
		{863E6119-DCF1-448D-875A-188065D801FE}.Release|Any CPU.ActiveCfg = Release|Any CPU
		{863E6119-DCF1-448D-875A-188065D801FE}.Release|Any CPU.Build.0 = Release|Any CPU
		{863E6119-DCF1-448D-875A-188065D801FE}.Release|x64.ActiveCfg = Release|Any CPU
		{863E6119-DCF1-448D-875A-188065D801FE}.Release|x64.Build.0 = Release|Any CPU
		{863E6119-DCF1-448D-875A-188065D801FE}.Release|x86.ActiveCfg = Release|Any CPU
		{863E6119-DCF1-448D-875A-188065D801FE}.Release|x86.Build.0 = Release|Any CPU
		{558485B6-479D-433B-99D5-A2D0E5ADD257}.Debug|Any CPU.ActiveCfg = Debug|Any CPU
		{558485B6-479D-433B-99D5-A2D0E5ADD257}.Debug|Any CPU.Build.0 = Debug|Any CPU
		{558485B6-479D-433B-99D5-A2D0E5ADD257}.Debug|x64.ActiveCfg = Debug|Any CPU
		{558485B6-479D-433B-99D5-A2D0E5ADD257}.Debug|x64.Build.0 = Debug|Any CPU
		{558485B6-479D-433B-99D5-A2D0E5ADD257}.Debug|x86.ActiveCfg = Debug|Any CPU
		{558485B6-479D-433B-99D5-A2D0E5ADD257}.Debug|x86.Build.0 = Debug|Any CPU
		{558485B6-479D-433B-99D5-A2D0E5ADD257}.Release|Any CPU.ActiveCfg = Release|Any CPU
		{558485B6-479D-433B-99D5-A2D0E5ADD257}.Release|Any CPU.Build.0 = Release|Any CPU
		{558485B6-479D-433B-99D5-A2D0E5ADD257}.Release|x64.ActiveCfg = Release|Any CPU
		{558485B6-479D-433B-99D5-A2D0E5ADD257}.Release|x64.Build.0 = Release|Any CPU
		{558485B6-479D-433B-99D5-A2D0E5ADD257}.Release|x86.ActiveCfg = Release|Any CPU
		{558485B6-479D-433B-99D5-A2D0E5ADD257}.Release|x86.Build.0 = Release|Any CPU
		{C6BCD879-A95C-409C-B443-D2BEED9C3235}.Debug|Any CPU.ActiveCfg = Debug|Any CPU
		{C6BCD879-A95C-409C-B443-D2BEED9C3235}.Debug|Any CPU.Build.0 = Debug|Any CPU
		{C6BCD879-A95C-409C-B443-D2BEED9C3235}.Debug|x64.ActiveCfg = Debug|Any CPU
		{C6BCD879-A95C-409C-B443-D2BEED9C3235}.Debug|x64.Build.0 = Debug|Any CPU
		{C6BCD879-A95C-409C-B443-D2BEED9C3235}.Debug|x86.ActiveCfg = Debug|Any CPU
		{C6BCD879-A95C-409C-B443-D2BEED9C3235}.Debug|x86.Build.0 = Debug|Any CPU
		{C6BCD879-A95C-409C-B443-D2BEED9C3235}.Release|Any CPU.ActiveCfg = Release|Any CPU
		{C6BCD879-A95C-409C-B443-D2BEED9C3235}.Release|Any CPU.Build.0 = Release|Any CPU
		{C6BCD879-A95C-409C-B443-D2BEED9C3235}.Release|x64.ActiveCfg = Release|Any CPU
		{C6BCD879-A95C-409C-B443-D2BEED9C3235}.Release|x64.Build.0 = Release|Any CPU
		{C6BCD879-A95C-409C-B443-D2BEED9C3235}.Release|x86.ActiveCfg = Release|Any CPU
		{C6BCD879-A95C-409C-B443-D2BEED9C3235}.Release|x86.Build.0 = Release|Any CPU
		{BA491FB6-DE91-411E-8B3D-95CECFCC861D}.Debug|Any CPU.ActiveCfg = Debug|Any CPU
		{BA491FB6-DE91-411E-8B3D-95CECFCC861D}.Debug|Any CPU.Build.0 = Debug|Any CPU
		{BA491FB6-DE91-411E-8B3D-95CECFCC861D}.Debug|x64.ActiveCfg = Debug|Any CPU
		{BA491FB6-DE91-411E-8B3D-95CECFCC861D}.Debug|x64.Build.0 = Debug|Any CPU
		{BA491FB6-DE91-411E-8B3D-95CECFCC861D}.Debug|x86.ActiveCfg = Debug|Any CPU
		{BA491FB6-DE91-411E-8B3D-95CECFCC861D}.Debug|x86.Build.0 = Debug|Any CPU
		{BA491FB6-DE91-411E-8B3D-95CECFCC861D}.Release|Any CPU.ActiveCfg = Release|Any CPU
		{BA491FB6-DE91-411E-8B3D-95CECFCC861D}.Release|Any CPU.Build.0 = Release|Any CPU
		{BA491FB6-DE91-411E-8B3D-95CECFCC861D}.Release|x64.ActiveCfg = Release|Any CPU
		{BA491FB6-DE91-411E-8B3D-95CECFCC861D}.Release|x64.Build.0 = Release|Any CPU
		{BA491FB6-DE91-411E-8B3D-95CECFCC861D}.Release|x86.ActiveCfg = Release|Any CPU
		{BA491FB6-DE91-411E-8B3D-95CECFCC861D}.Release|x86.Build.0 = Release|Any CPU
		{E85DC826-AF90-49ED-848C-341D6E9834D1}.Debug|Any CPU.ActiveCfg = Debug|Any CPU
		{E85DC826-AF90-49ED-848C-341D6E9834D1}.Debug|Any CPU.Build.0 = Debug|Any CPU
		{E85DC826-AF90-49ED-848C-341D6E9834D1}.Debug|x64.ActiveCfg = Debug|Any CPU
		{E85DC826-AF90-49ED-848C-341D6E9834D1}.Debug|x64.Build.0 = Debug|Any CPU
		{E85DC826-AF90-49ED-848C-341D6E9834D1}.Debug|x86.ActiveCfg = Debug|Any CPU
		{E85DC826-AF90-49ED-848C-341D6E9834D1}.Debug|x86.Build.0 = Debug|Any CPU
		{E85DC826-AF90-49ED-848C-341D6E9834D1}.Release|Any CPU.ActiveCfg = Release|Any CPU
		{E85DC826-AF90-49ED-848C-341D6E9834D1}.Release|Any CPU.Build.0 = Release|Any CPU
		{E85DC826-AF90-49ED-848C-341D6E9834D1}.Release|x64.ActiveCfg = Release|Any CPU
		{E85DC826-AF90-49ED-848C-341D6E9834D1}.Release|x64.Build.0 = Release|Any CPU
		{E85DC826-AF90-49ED-848C-341D6E9834D1}.Release|x86.ActiveCfg = Release|Any CPU
		{E85DC826-AF90-49ED-848C-341D6E9834D1}.Release|x86.Build.0 = Release|Any CPU
		{3021EC3A-AC3E-4FEB-95C7-CBF213277682}.Debug|Any CPU.ActiveCfg = Debug|Any CPU
		{3021EC3A-AC3E-4FEB-95C7-CBF213277682}.Debug|Any CPU.Build.0 = Debug|Any CPU
		{3021EC3A-AC3E-4FEB-95C7-CBF213277682}.Debug|x64.ActiveCfg = Debug|Any CPU
		{3021EC3A-AC3E-4FEB-95C7-CBF213277682}.Debug|x64.Build.0 = Debug|Any CPU
		{3021EC3A-AC3E-4FEB-95C7-CBF213277682}.Debug|x86.ActiveCfg = Debug|Any CPU
		{3021EC3A-AC3E-4FEB-95C7-CBF213277682}.Debug|x86.Build.0 = Debug|Any CPU
		{3021EC3A-AC3E-4FEB-95C7-CBF213277682}.Release|Any CPU.ActiveCfg = Release|Any CPU
		{3021EC3A-AC3E-4FEB-95C7-CBF213277682}.Release|Any CPU.Build.0 = Release|Any CPU
		{3021EC3A-AC3E-4FEB-95C7-CBF213277682}.Release|x64.ActiveCfg = Release|Any CPU
		{3021EC3A-AC3E-4FEB-95C7-CBF213277682}.Release|x64.Build.0 = Release|Any CPU
		{3021EC3A-AC3E-4FEB-95C7-CBF213277682}.Release|x86.ActiveCfg = Release|Any CPU
		{3021EC3A-AC3E-4FEB-95C7-CBF213277682}.Release|x86.Build.0 = Release|Any CPU
		{A554E807-2FBA-497A-9B48-B3BBDF308BB2}.Debug|Any CPU.ActiveCfg = Debug|Any CPU
		{A554E807-2FBA-497A-9B48-B3BBDF308BB2}.Debug|Any CPU.Build.0 = Debug|Any CPU
		{A554E807-2FBA-497A-9B48-B3BBDF308BB2}.Debug|x64.ActiveCfg = Debug|Any CPU
		{A554E807-2FBA-497A-9B48-B3BBDF308BB2}.Debug|x64.Build.0 = Debug|Any CPU
		{A554E807-2FBA-497A-9B48-B3BBDF308BB2}.Debug|x86.ActiveCfg = Debug|Any CPU
		{A554E807-2FBA-497A-9B48-B3BBDF308BB2}.Debug|x86.Build.0 = Debug|Any CPU
		{A554E807-2FBA-497A-9B48-B3BBDF308BB2}.Release|Any CPU.ActiveCfg = Release|Any CPU
		{A554E807-2FBA-497A-9B48-B3BBDF308BB2}.Release|Any CPU.Build.0 = Release|Any CPU
		{A554E807-2FBA-497A-9B48-B3BBDF308BB2}.Release|x64.ActiveCfg = Release|Any CPU
		{A554E807-2FBA-497A-9B48-B3BBDF308BB2}.Release|x64.Build.0 = Release|Any CPU
		{A554E807-2FBA-497A-9B48-B3BBDF308BB2}.Release|x86.ActiveCfg = Release|Any CPU
		{A554E807-2FBA-497A-9B48-B3BBDF308BB2}.Release|x86.Build.0 = Release|Any CPU
	EndGlobalSection
	GlobalSection(SolutionProperties) = preSolution
		HideSolutionNode = FALSE
	EndGlobalSection
	GlobalSection(NestedProjects) = preSolution
		{46D4547C-74E4-4E40-BC48-7E437251DCDA} = {B087BDC8-F47C-47EB-8C3A-A092BA6A542D}
		{A205C919-E788-4605-99E6-76AAB08BE30F} = {B087BDC8-F47C-47EB-8C3A-A092BA6A542D}
		{0591DFFE-51C9-4FE2-8652-9EEE858A6852} = {B087BDC8-F47C-47EB-8C3A-A092BA6A542D}
		{06C94C81-6F18-4A4B-8B24-054899606A18} = {B087BDC8-F47C-47EB-8C3A-A092BA6A542D}
		{358012AA-ADC9-4A87-8448-3C72BA61067A} = {B087BDC8-F47C-47EB-8C3A-A092BA6A542D}
		{40956D04-E471-4A03-A525-0C41DC78C91A} = {46D4547C-74E4-4E40-BC48-7E437251DCDA}
		{B64FD400-663B-468D-88D1-2450D1119308} = {A205C919-E788-4605-99E6-76AAB08BE30F}
		{863E6119-DCF1-448D-875A-188065D801FE} = {A205C919-E788-4605-99E6-76AAB08BE30F}
		{558485B6-479D-433B-99D5-A2D0E5ADD257} = {A205C919-E788-4605-99E6-76AAB08BE30F}
		{C6BCD879-A95C-409C-B443-D2BEED9C3235} = {0591DFFE-51C9-4FE2-8652-9EEE858A6852}
		{BA491FB6-DE91-411E-8B3D-95CECFCC861D} = {0591DFFE-51C9-4FE2-8652-9EEE858A6852}
		{E85DC826-AF90-49ED-848C-341D6E9834D1} = {358012AA-ADC9-4A87-8448-3C72BA61067A}
		{3021EC3A-AC3E-4FEB-95C7-CBF213277682} = {06C94C81-6F18-4A4B-8B24-054899606A18}
		{A554E807-2FBA-497A-9B48-B3BBDF308BB2} = {06C94C81-6F18-4A4B-8B24-054899606A18}
	EndGlobalSection
	GlobalSection(ExtensibilityGlobals) = postSolution
		SolutionGuid = {05DBD9F7-DF65-4531-8A94-C04FD4DAB410}
	EndGlobalSection
EndGlobal
